
Microsoft Visual Studio Solution File, Format Version 12.00
# Visual Studio Version 16
VisualStudioVersion = 16.0.29409.12
MinimumVisualStudioVersion = 10.0.40219.1
Project("{8BC9CEB8-8B4A-11D0-8D11-00A0C91BC942}") = "Winners", "Winners\Winners.vcxproj", "{E808098D-092D-4137-8C0F-8238F6EAB6BB}"
EndProject
Global
	GlobalSection(SolutionConfigurationPlatforms) = preSolution
		Debug|x64 = Debug|x64
		Debug|x86 = Debug|x86
		Release|x64 = Release|x64
		Release|x86 = Release|x86
	EndGlobalSection
	GlobalSection(ProjectConfigurationPlatforms) = postSolution
		{E808098D-092D-4137-8C0F-8238F6EAB6BB}.Debug|x64.ActiveCfg = Debug|x64
		{E808098D-092D-4137-8C0F-8238F6EAB6BB}.Debug|x64.Build.0 = Debug|x64
		{E808098D-092D-4137-8C0F-8238F6EAB6BB}.Debug|x86.ActiveCfg = Debug|Win32
		{E808098D-092D-4137-8C0F-8238F6EAB6BB}.Debug|x86.Build.0 = Debug|Win32
		{E808098D-092D-4137-8C0F-8238F6EAB6BB}.Release|x64.ActiveCfg = Release|x64
		{E808098D-092D-4137-8C0F-8238F6EAB6BB}.Release|x64.Build.0 = Release|x64
		{E808098D-092D-4137-8C0F-8238F6EAB6BB}.Release|x86.ActiveCfg = Release|Win32
		{E808098D-092D-4137-8C0F-8238F6EAB6BB}.Release|x86.Build.0 = Release|Win32
	EndGlobalSection
	GlobalSection(SolutionProperties) = preSolution
		HideSolutionNode = FALSE
	EndGlobalSection
	GlobalSection(ExtensibilityGlobals) = postSolution
		SolutionGuid = {81AF1CA5-5200-4566-8BF1-35CB4CA1D077}
	EndGlobalSection
EndGlobal
